<?xml version="1.0" encoding="utf-8"?>
<Project ToolsVersion="4.0" xmlns="http://schemas.microsoft.com/developer/msbuild/2003">
  <ItemGroup>
    <Filter Include="Source Files">
      <UniqueIdentifier>{4FC737F1-C7A5-4376-A066-2A32D752A2FF}</UniqueIdentifier>
      <Extensions>cpp;c;cc;cxx;c++;cppm;ixx;def;odl;idl;hpj;bat;asm;asmx</Extensions>
    </Filter>
    <Filter Include="Header Files">
      <UniqueIdentifier>{93995380-89BD-4b04-88EB-625FBE52EBFB}</UniqueIdentifier>
      <Extensions>h;hh;hpp;hxx;h++;hm;inl;inc;ipp;xsd</Extensions>
    </Filter>
    <Filter Include="Resource Files">
      <UniqueIdentifier>{67DA6AB6-F800-4c08-8B7A-83BB121AAD01}</UniqueIdentifier>
      <Extensions>rc;ico;cur;bmp;dlg;rc2;rct;bin;rgs;gif;jpg;jpeg;jpe;resx;tiff;tif;png;wav;mfcribbon-ms</Extensions>
    </Filter>
    <Filter Include="Source Files\Ciphers">
      <UniqueIdentifier>{0c3a38ff-6fcb-4a88-b2c2-ae000b9fd10e}</UniqueIdentifier>
    </Filter>
    <Filter Include="Source Files\UI">
      <UniqueIdentifier>{5f79e4d6-e087-49d5-a683-2234d253a805}</UniqueIdentifier>
    </Filter>
    <Filter Include="Header Files\Ciphers">
      <UniqueIdentifier>{c14bd8e1-ddcf-465a-bb59-6879e132db3e}</UniqueIdentifier>
    </Filter>
    <Filter Include="Header Files\UI">
      <UniqueIdentifier>{68c18277-d7e5-4182-ad18-73a6ba916d00}</UniqueIdentifier>
    </Filter>
    <Filter Include="Header Files\Ciphers\CeasarCipher">
      <UniqueIdentifier>{a673b74c-d6e5-41eb-bfde-ee965bcba4c4}</UniqueIdentifier>
    </Filter>
    <Filter Include="Source Files\Ciphers\CeasarCipher">
      <UniqueIdentifier>{1cc20a4d-168b-4281-a413-32d9330c2665}</UniqueIdentifier>
    </Filter>
    <Filter Include="Header Files\Exceptions">
      <UniqueIdentifier>{211a7db2-cc43-4b70-b728-50a03ce74e23}</UniqueIdentifier>
    </Filter>
    <Filter Include="Header Files\UI\screens">
      <UniqueIdentifier>{a397d774-6356-497f-9b3f-5444d765be6b}</UniqueIdentifier>
    </Filter>
    <Filter Include="Source Files\UI\screens">
      <UniqueIdentifier>{0ca706b1-bae0-4e1b-bfa5-19458bb4f199}</UniqueIdentifier>
    </Filter>
    <Filter Include="Header Files\UI\lang">
      <UniqueIdentifier>{1399fa4e-c83e-45fa-ac8f-0c463dbcfba7}</UniqueIdentifier>
    </Filter>
    <Filter Include="Header Files\UI\screens\SettingsScreen">
      <UniqueIdentifier>{52545b15-da00-44e8-b7d2-86cc6636a19f}</UniqueIdentifier>
    </Filter>
    <Filter Include="Source Files\UI\screens\SettingsScreen">
      <UniqueIdentifier>{ed2dc87c-5fad-4230-b071-5e48694f9d12}</UniqueIdentifier>
    </Filter>
    <Filter Include="Source Files\UI\screens\MainScreen">
      <UniqueIdentifier>{96bb59bf-c373-47c7-a1d6-9dee8b54b779}</UniqueIdentifier>
    </Filter>
    <Filter Include="Header Files\UI\screens\MainScreen">
      <UniqueIdentifier>{1432179a-debd-4052-aa68-feab943d8960}</UniqueIdentifier>
    </Filter>
    <Filter Include="Header Files\Ciphers\FourSquareCipher">
      <UniqueIdentifier>{b12ccfd4-3117-4720-934d-45decaf53147}</UniqueIdentifier>
    </Filter>
    <Filter Include="Source Files\Ciphers\FourSquareCipher">
      <UniqueIdentifier>{58f97dd9-adf2-4b3c-bd4d-faa0e9a54748}</UniqueIdentifier>
    </Filter>
    <Filter Include="Header Files\Ciphers\VigenereCipher">
      <UniqueIdentifier>{2c415c36-d8d9-4152-b789-81efc442e7b5}</UniqueIdentifier>
    </Filter>
    <Filter Include="Source Files\Ciphers\VigenereCipher">
      <UniqueIdentifier>{44db2492-f1db-4c32-87b4-2170e5f66509}</UniqueIdentifier>
    </Filter>
  </ItemGroup>
  <ItemGroup>
    <ClCompile Include="main.cpp">
      <Filter>Source Files</Filter>
    </ClCompile>
    <ClCompile Include="ConsoleUI.cpp">
      <Filter>Source Files\UI</Filter>
    </ClCompile>
    <ClCompile Include="EncryptionContext.cpp">
      <Filter>Source Files\Ciphers</Filter>
    </ClCompile>
    <ClCompile Include="CeasarCipher.cpp">
      <Filter>Source Files\Ciphers\CeasarCipher</Filter>
    </ClCompile>
    <ClCompile Include="validators.cpp">
      <Filter>Source Files</Filter>
    </ClCompile>
    <ClCompile Include="setup.cpp">
      <Filter>Source Files</Filter>
    </ClCompile>
    <ClCompile Include="ScreenController.cpp">
      <Filter>Source Files\UI\screens</Filter>
    </ClCompile>
    <ClCompile Include="utils.cpp">
      <Filter>Source Files</Filter>
    </ClCompile>
    <ClCompile Include="UserInterface.cpp">
      <Filter>Source Files\UI</Filter>
    </ClCompile>
    <ClCompile Include="MainScreen.cpp">
      <Filter>Source Files\UI\screens\MainScreen</Filter>
    </ClCompile>
    <ClCompile Include="SettingsScreen.cpp">
      <Filter>Source Files\UI\screens\SettingsScreen</Filter>
    </ClCompile>
    <ClCompile Include="SettingsScreenCommunicator.cpp">
      <Filter>Source Files\UI\screens\SettingsScreen</Filter>
    </ClCompile>
    <ClCompile Include="ScreenCommunicator.cpp">
      <Filter>Source Files\UI\screens</Filter>
    </ClCompile>
    <ClCompile Include="MainScreenCommunicator.cpp">
      <Filter>Source Files\UI\screens\MainScreen</Filter>
    </ClCompile>
    <ClCompile Include="FileManager.cpp">
      <Filter>Source Files</Filter>
    </ClCompile>
    <ClCompile Include="FourSquareCipher.cpp">
      <Filter>Source Files\Ciphers\FourSquareCipher</Filter>
    </ClCompile>
    <ClCompile Include="SquareMatrix.cpp">
      <Filter>Source Files\Ciphers\FourSquareCipher</Filter>
    </ClCompile>
    <ClCompile Include="VigenereCipher.cpp">
      <Filter>Source Files\Ciphers\VigenereCipher</Filter>
    </ClCompile>
    <ClCompile Include="CipherCommunicator.cpp">
      <Filter>Source Files\Ciphers</Filter>
    </ClCompile>
  </ItemGroup>
  <ItemGroup>
    <ClInclude Include="CipherStrategy.h">
      <Filter>Header Files\Ciphers</Filter>
    </ClInclude>
    <ClInclude Include="EncryptionContext.h">
      <Filter>Header Files\Ciphers</Filter>
    </ClInclude>
    <ClInclude Include="ConsoleUI.h">
      <Filter>Header Files\UI</Filter>
    </ClInclude>
    <ClInclude Include="UserInterface.h">
      <Filter>Header Files\UI</Filter>
    </ClInclude>
    <ClInclude Include="ceasar.h">
      <Filter>Header Files\Ciphers\CeasarCipher</Filter>
    </ClInclude>
    <ClInclude Include="CeasarCipher.h">
      <Filter>Header Files\Ciphers\CeasarCipher</Filter>
    </ClInclude>
    <ClInclude Include="validators.h">
      <Filter>Header Files</Filter>
    </ClInclude>
    <ClInclude Include="ciphers.h">
      <Filter>Header Files\Ciphers</Filter>
    </ClInclude>
    <ClInclude Include="setup.h">
      <Filter>Header Files</Filter>
    </ClInclude>
    <ClInclude Include="ScreenController.h">
      <Filter>Header Files\UI\screens</Filter>
    </ClInclude>
    <ClInclude Include="screens.h">
      <Filter>Header Files\UI\screens</Filter>
    </ClInclude>
    <ClInclude Include="utils.h">
      <Filter>Header Files</Filter>
    </ClInclude>
    <ClInclude Include="Settings.h">
      <Filter>Header Files</Filter>
    </ClInclude>
    <ClInclude Include="lang.h">
      <Filter>Header Files\UI\lang</Filter>
    </ClInclude>
    <ClInclude Include="pl.h">
      <Filter>Header Files\UI\lang</Filter>
    </ClInclude>
    <ClInclude Include="en.h">
      <Filter>Header Files\UI\lang</Filter>
    </ClInclude>
    <ClInclude Include="MainScreen.h">
      <Filter>Header Files\UI\screens\MainScreen</Filter>
    </ClInclude>
    <ClInclude Include="MainScreenCommunicator.h">
      <Filter>Header Files\UI\screens\MainScreen</Filter>
    </ClInclude>
    <ClInclude Include="SettingsScreenCommunicator.h">
      <Filter>Header Files\UI\screens\SettingsScreen</Filter>
    </ClInclude>
    <ClInclude Include="SettingsScreen.h">
      <Filter>Header Files\UI\screens\SettingsScreen</Filter>
    </ClInclude>
    <ClInclude Include="ScreenCommunicator.h">
      <Filter>Header Files\UI\screens</Filter>
    </ClInclude>
    <ClInclude Include="ValidationException.h">
      <Filter>Header Files\Exceptions</Filter>
    </ClInclude>
    <ClInclude Include="Communicator.h">
      <Filter>Header Files\UI</Filter>
    </ClInclude>
    <ClInclude Include="FileManager.h">
      <Filter>Header Files</Filter>
    </ClInclude>
    <ClInclude Include="FileException.h">
      <Filter>Header Files\Exceptions</Filter>
    </ClInclude>
    <ClInclude Include="FourSquareCipher.h">
      <Filter>Header Files\Ciphers\FourSquareCipher</Filter>
    </ClInclude>
    <ClInclude Include="four_square.h">
      <Filter>Header Files\Ciphers\FourSquareCipher</Filter>
    </ClInclude>
    <ClInclude Include="Exception.h">
      <Filter>Header Files\Exceptions</Filter>
    </ClInclude>
    <ClInclude Include="VigenereCipher.h">
      <Filter>Header Files\Ciphers\VigenereCipher</Filter>
    </ClInclude>
    <ClInclude Include="VigenereCommunicator.h">
      <Filter>Header Files\Ciphers\VigenereCipher</Filter>
    </ClInclude>
    <ClInclude Include="CipherCommunicator.h">
      <Filter>Header Files\Ciphers</Filter>
    </ClInclude>
  </ItemGroup>
</Project>